dependencies:
- name: base
  repository: https://istio-release.storage.googleapis.com/charts
  version: 1.19.0
- name: istiod
  repository: https://istio-release.storage.googleapis.com/charts
  version: 1.19.0
- name: gateway
  repository: https://istio-release.storage.googleapis.com/charts
  version: 1.19.0
digest: sha256:606d1e1b737d9d211be8d6d1a0ed3140405329e7b694bfec7dabd4bcea97423d
generated: "2023-09-22T14:01:09.487182+07:00"
